
Microsoft Visual Studio Solution File, Format Version 12.00
# Visual Studio Version 17
VisualStudioVersion = 17.6.33829.357
MinimumVisualStudioVersion = 10.0.40219.1
Project("{FAE04EC0-301F-11D3-BF4B-00C04F79EFBC}") = "AWSTest", "AWSTest\AWSTest.csproj", "{B3EE2093-0102-4C00-9412-9B83FBE5EF68}"
EndProject
Global
	GlobalSection(SolutionConfigurationPlatforms) = preSolution
		Debug|Any CPU = Debug|Any CPU
		Release|Any CPU = Release|Any CPU
	EndGlobalSection
	GlobalSection(ProjectConfigurationPlatforms) = postSolution
		{B3EE2093-0102-4C00-9412-9B83FBE5EF68}.Debug|Any CPU.ActiveCfg = Debug|Any CPU
		{B3EE2093-0102-4C00-9412-9B83FBE5EF68}.Debug|Any CPU.Build.0 = Debug|Any CPU
		{B3EE2093-0102-4C00-9412-9B83FBE5EF68}.Release|Any CPU.ActiveCfg = Release|Any CPU
		{B3EE2093-0102-4C00-9412-9B83FBE5EF68}.Release|Any CPU.Build.0 = Release|Any CPU
	EndGlobalSection
	GlobalSection(SolutionProperties) = preSolution
		HideSolutionNode = FALSE
	EndGlobalSection
	GlobalSection(ExtensibilityGlobals) = postSolution
		SolutionGuid = {09B4E05E-6FF4-45D7-84E1-A69320ACFBEF}
	EndGlobalSection
EndGlobal
